
Microsoft Visual Studio Solution File, Format Version 12.00
# Visual Studio Version 17
VisualStudioVersion = 17.11.35327.3
MinimumVisualStudioVersion = 10.0.40219.1
Project("{FAE04EC0-301F-11D3-BF4B-00C04F79EFBC}") = "Simulator", "Simulator\Simulator.csproj", "{F73A0536-BD3B-4F9E-95FA-4347C143315B}"
EndProject
Global
	GlobalSection(SolutionConfigurationPlatforms) = preSolution
		Debug|Any CPU = Debug|Any CPU
		Release|Any CPU = Release|Any CPU
	EndGlobalSection
	GlobalSection(ProjectConfigurationPlatforms) = postSolution
		{F73A0536-BD3B-4F9E-95FA-4347C143315B}.Debug|Any CPU.ActiveCfg = Debug|Any CPU
		{F73A0536-BD3B-4F9E-95FA-4347C143315B}.Debug|Any CPU.Build.0 = Debug|Any CPU
		{F73A0536-BD3B-4F9E-95FA-4347C143315B}.Release|Any CPU.ActiveCfg = Release|Any CPU
		{F73A0536-BD3B-4F9E-95FA-4347C143315B}.Release|Any CPU.Build.0 = Release|Any CPU
	EndGlobalSection
	GlobalSection(SolutionProperties) = preSolution
		HideSolutionNode = FALSE
	EndGlobalSection
	GlobalSection(ExtensibilityGlobals) = postSolution
		SolutionGuid = {D4DB1D42-BBF5-458B-965E-3577E88C3900}
	EndGlobalSection
EndGlobal
